
Microsoft Visual Studio Solution File, Format Version 12.00
# Visual Studio Version 17
VisualStudioVersion = 17.9.34616.47
MinimumVisualStudioVersion = 10.0.40219.1
Project("{FAE04EC0-301F-11D3-BF4B-00C04F79EFBC}") = "API2", "API2\API2.csproj", "{151CD1B2-F834-4910-8E73-CE1FECD09B4F}"
EndProject
Global
	GlobalSection(SolutionConfigurationPlatforms) = preSolution
		Debug|Any CPU = Debug|Any CPU
		Release|Any CPU = Release|Any CPU
	EndGlobalSection
	GlobalSection(ProjectConfigurationPlatforms) = postSolution
		{151CD1B2-F834-4910-8E73-CE1FECD09B4F}.Debug|Any CPU.ActiveCfg = Debug|Any CPU
		{151CD1B2-F834-4910-8E73-CE1FECD09B4F}.Debug|Any CPU.Build.0 = Debug|Any CPU
		{151CD1B2-F834-4910-8E73-CE1FECD09B4F}.Release|Any CPU.ActiveCfg = Release|Any CPU
		{151CD1B2-F834-4910-8E73-CE1FECD09B4F}.Release|Any CPU.Build.0 = Release|Any CPU
	EndGlobalSection
	GlobalSection(SolutionProperties) = preSolution
		HideSolutionNode = FALSE
	EndGlobalSection
	GlobalSection(ExtensibilityGlobals) = postSolution
		SolutionGuid = {2D5A22EC-6CD0-4F2F-B057-EE18891D959E}
	EndGlobalSection
EndGlobal
